
Microsoft Visual Studio Solution File, Format Version 12.00
# Visual Studio Version 17
VisualStudioVersion = 17.0.31903.59
MinimumVisualStudioVersion = 10.0.40219.1
Project("{FAE04EC0-301F-11D3-BF4B-00C04F79EFBC}") = "ZH.Gyakorlas.Feladat", "ZH.Gyakorlas.Feladat\ZH.Gyakorlas.Feladat.csproj", "{D173E666-C9B0-40AF-939D-A0092FFE8D23}"
EndProject
Project("{FAE04EC0-301F-11D3-BF4B-00C04F79EFBC}") = "ZH.Test", "ZH.Test\ZH.Test.csproj", "{A9C2FD2C-E1EB-49F8-AE19-6E34277E5A24}"
EndProject
Global
	GlobalSection(SolutionConfigurationPlatforms) = preSolution
		Debug|Any CPU = Debug|Any CPU
		Release|Any CPU = Release|Any CPU
	EndGlobalSection
	GlobalSection(SolutionProperties) = preSolution
		HideSolutionNode = FALSE
	EndGlobalSection
	GlobalSection(ProjectConfigurationPlatforms) = postSolution
		{D173E666-C9B0-40AF-939D-A0092FFE8D23}.Debug|Any CPU.ActiveCfg = Debug|Any CPU
		{D173E666-C9B0-40AF-939D-A0092FFE8D23}.Debug|Any CPU.Build.0 = Debug|Any CPU
		{D173E666-C9B0-40AF-939D-A0092FFE8D23}.Release|Any CPU.ActiveCfg = Release|Any CPU
		{D173E666-C9B0-40AF-939D-A0092FFE8D23}.Release|Any CPU.Build.0 = Release|Any CPU
		{A9C2FD2C-E1EB-49F8-AE19-6E34277E5A24}.Debug|Any CPU.ActiveCfg = Debug|Any CPU
		{A9C2FD2C-E1EB-49F8-AE19-6E34277E5A24}.Debug|Any CPU.Build.0 = Debug|Any CPU
		{A9C2FD2C-E1EB-49F8-AE19-6E34277E5A24}.Release|Any CPU.ActiveCfg = Release|Any CPU
		{A9C2FD2C-E1EB-49F8-AE19-6E34277E5A24}.Release|Any CPU.Build.0 = Release|Any CPU
	EndGlobalSection
EndGlobal
